
Microsoft Visual Studio Solution File, Format Version 12.00
# Visual Studio Version 16
VisualStudioVersion = 16.0.30011.22
MinimumVisualStudioVersion = 10.0.40219.1
Project("{FAE04EC0-301F-11D3-BF4B-00C04F79EFBC}") = "MvcTestTaskBars", "MvcTestTaskBars\MvcTestTaskBars.csproj", "{FA36201D-1739-464D-AF48-07A83913886A}"
EndProject
Global
	GlobalSection(SolutionConfigurationPlatforms) = preSolution
		Debug|Any CPU = Debug|Any CPU
		Release|Any CPU = Release|Any CPU
	EndGlobalSection
	GlobalSection(ProjectConfigurationPlatforms) = postSolution
		{FA36201D-1739-464D-AF48-07A83913886A}.Debug|Any CPU.ActiveCfg = Debug|Any CPU
		{FA36201D-1739-464D-AF48-07A83913886A}.Debug|Any CPU.Build.0 = Debug|Any CPU
		{FA36201D-1739-464D-AF48-07A83913886A}.Release|Any CPU.ActiveCfg = Release|Any CPU
		{FA36201D-1739-464D-AF48-07A83913886A}.Release|Any CPU.Build.0 = Release|Any CPU
	EndGlobalSection
	GlobalSection(SolutionProperties) = preSolution
		HideSolutionNode = FALSE
	EndGlobalSection
	GlobalSection(ExtensibilityGlobals) = postSolution
		SolutionGuid = {0A7B17BD-F482-4687-992A-B8D39B349409}
	EndGlobalSection
EndGlobal
